
Microsoft Visual Studio Solution File, Format Version 12.00
# Visual Studio Version 17
VisualStudioVersion = 17.8.34408.163
MinimumVisualStudioVersion = 10.0.40219.1
Project("{9A19103F-16F7-4668-BE54-9A1E7A4F7556}") = "ParkingLotApp", "ParkingLotApp.csproj", "{6A36863C-BD6B-4F7A-8AEE-4B9BE2F1D99F}"
EndProject
Project("{FAE04EC0-301F-11D3-BF4B-00C04F79EFBC}") = "ParkingLotAppTests", "..\ParkingLotAppTests\ParkingLotAppTests.csproj", "{CD20B367-9C91-4BB1-92EA-7E9ED7BA3D32}"
EndProject
Global
	GlobalSection(SolutionConfigurationPlatforms) = preSolution
		Debug|Any CPU = Debug|Any CPU
		Release|Any CPU = Release|Any CPU
	EndGlobalSection
	GlobalSection(ProjectConfigurationPlatforms) = postSolution
		{6A36863C-BD6B-4F7A-8AEE-4B9BE2F1D99F}.Debug|Any CPU.ActiveCfg = Debug|Any CPU
		{6A36863C-BD6B-4F7A-8AEE-4B9BE2F1D99F}.Debug|Any CPU.Build.0 = Debug|Any CPU
		{6A36863C-BD6B-4F7A-8AEE-4B9BE2F1D99F}.Release|Any CPU.ActiveCfg = Release|Any CPU
		{6A36863C-BD6B-4F7A-8AEE-4B9BE2F1D99F}.Release|Any CPU.Build.0 = Release|Any CPU
		{CD20B367-9C91-4BB1-92EA-7E9ED7BA3D32}.Debug|Any CPU.ActiveCfg = Debug|Any CPU
		{CD20B367-9C91-4BB1-92EA-7E9ED7BA3D32}.Debug|Any CPU.Build.0 = Debug|Any CPU
		{CD20B367-9C91-4BB1-92EA-7E9ED7BA3D32}.Release|Any CPU.ActiveCfg = Release|Any CPU
		{CD20B367-9C91-4BB1-92EA-7E9ED7BA3D32}.Release|Any CPU.Build.0 = Release|Any CPU
	EndGlobalSection
	GlobalSection(SolutionProperties) = preSolution
		HideSolutionNode = FALSE
	EndGlobalSection
	GlobalSection(ExtensibilityGlobals) = postSolution
		SolutionGuid = {30F3D782-BD5E-4911-9996-FA6AA7402B5F}
	EndGlobalSection
EndGlobal
